
Microsoft Visual Studio Solution File, Format Version 12.00
# Visual Studio Version 16
VisualStudioVersion = 16.0.30413.136
MinimumVisualStudioVersion = 10.0.40219.1
Project("{9A19103F-16F7-4668-BE54-9A1E7A4F7556}") = "WebApplication", "WebApplication\WebApplication.csproj", "{D0C5F002-215B-40B5-AAF5-E762D2770C24}"
EndProject
Project("{FAE04EC0-301F-11D3-BF4B-00C04F79EFBC}") = "WebServerApp", "WebServerApp\WebServerApp.csproj", "{4DFFB917-6C6F-4A02-A093-A14F82D2A1D0}"
EndProject
Global
	GlobalSection(SolutionConfigurationPlatforms) = preSolution
		Debug|Any CPU = Debug|Any CPU
		Release|Any CPU = Release|Any CPU
	EndGlobalSection
	GlobalSection(ProjectConfigurationPlatforms) = postSolution
		{D0C5F002-215B-40B5-AAF5-E762D2770C24}.Debug|Any CPU.ActiveCfg = Debug|Any CPU
		{D0C5F002-215B-40B5-AAF5-E762D2770C24}.Debug|Any CPU.Build.0 = Debug|Any CPU
		{D0C5F002-215B-40B5-AAF5-E762D2770C24}.Release|Any CPU.ActiveCfg = Release|Any CPU
		{D0C5F002-215B-40B5-AAF5-E762D2770C24}.Release|Any CPU.Build.0 = Release|Any CPU
		{4DFFB917-6C6F-4A02-A093-A14F82D2A1D0}.Debug|Any CPU.ActiveCfg = Debug|Any CPU
		{4DFFB917-6C6F-4A02-A093-A14F82D2A1D0}.Debug|Any CPU.Build.0 = Debug|Any CPU
		{4DFFB917-6C6F-4A02-A093-A14F82D2A1D0}.Release|Any CPU.ActiveCfg = Release|Any CPU
		{4DFFB917-6C6F-4A02-A093-A14F82D2A1D0}.Release|Any CPU.Build.0 = Release|Any CPU
	EndGlobalSection
	GlobalSection(SolutionProperties) = preSolution
		HideSolutionNode = FALSE
	EndGlobalSection
	GlobalSection(ExtensibilityGlobals) = postSolution
		SolutionGuid = {4EC1A559-869E-4BDF-A765-FE3C35EBB177}
	EndGlobalSection
EndGlobal
